# This file is automatically @generated by Cargo.
# It is not intended for manual editing.
version = 3

[[package]]
name = "assert-str"
version = "0.1.0"
source = "registry+https://github.com/rust-lang/crates.io-index"
checksum = "6eff46575e86b852295e41df8599e94a910b1136c6af2821df9925f3cf8a1389"

[[package]]
name = "td_fp_rust"
version = "0.1.0"
dependencies = [
 "assert-str",
]
